
Microsoft Visual Studio Solution File, Format Version 12.00
# Visual Studio Version 17
VisualStudioVersion = 17.13.35931.197 d17.13
MinimumVisualStudioVersion = 10.0.40219.1
Project("{FAE04EC0-301F-11D3-BF4B-00C04F79EFBC}") = "TakiTokacim", "TakiTokacim\TakiTokacim.csproj", "{F8B69163-B954-4D94-88E1-3429993563A1}"
EndProject
Project("{FAE04EC0-301F-11D3-BF4B-00C04F79EFBC}") = "EntitiyLayer", "EntitiyLayer\EntitiyLayer.csproj", "{628DBB2E-4741-4756-8E0D-656DCFA7C9A0}"
EndProject
Project("{FAE04EC0-301F-11D3-BF4B-00C04F79EFBC}") = "DataAcsessLayer", "DataAcsessLayer\DataAcsessLayer.csproj", "{04EF0E75-3F56-45B2-89AF-C3496A603FCB}"
EndProject
Project("{FAE04EC0-301F-11D3-BF4B-00C04F79EFBC}") = "BusiniessLayer", "BusiniessLayer\BusiniessLayer.csproj", "{60389EEC-179F-4187-9AFB-A91F6C6F6FAD}"
EndProject
Global
	GlobalSection(SolutionConfigurationPlatforms) = preSolution
		Debug|Any CPU = Debug|Any CPU
		Release|Any CPU = Release|Any CPU
	EndGlobalSection
	GlobalSection(ProjectConfigurationPlatforms) = postSolution
		{F8B69163-B954-4D94-88E1-3429993563A1}.Debug|Any CPU.ActiveCfg = Debug|Any CPU
		{F8B69163-B954-4D94-88E1-3429993563A1}.Debug|Any CPU.Build.0 = Debug|Any CPU
		{F8B69163-B954-4D94-88E1-3429993563A1}.Release|Any CPU.ActiveCfg = Release|Any CPU
		{F8B69163-B954-4D94-88E1-3429993563A1}.Release|Any CPU.Build.0 = Release|Any CPU
		{628DBB2E-4741-4756-8E0D-656DCFA7C9A0}.Debug|Any CPU.ActiveCfg = Debug|Any CPU
		{628DBB2E-4741-4756-8E0D-656DCFA7C9A0}.Debug|Any CPU.Build.0 = Debug|Any CPU
		{628DBB2E-4741-4756-8E0D-656DCFA7C9A0}.Release|Any CPU.ActiveCfg = Release|Any CPU
		{628DBB2E-4741-4756-8E0D-656DCFA7C9A0}.Release|Any CPU.Build.0 = Release|Any CPU
		{04EF0E75-3F56-45B2-89AF-C3496A603FCB}.Debug|Any CPU.ActiveCfg = Debug|Any CPU
		{04EF0E75-3F56-45B2-89AF-C3496A603FCB}.Debug|Any CPU.Build.0 = Debug|Any CPU
		{04EF0E75-3F56-45B2-89AF-C3496A603FCB}.Release|Any CPU.ActiveCfg = Release|Any CPU
		{04EF0E75-3F56-45B2-89AF-C3496A603FCB}.Release|Any CPU.Build.0 = Release|Any CPU
		{60389EEC-179F-4187-9AFB-A91F6C6F6FAD}.Debug|Any CPU.ActiveCfg = Debug|Any CPU
		{60389EEC-179F-4187-9AFB-A91F6C6F6FAD}.Debug|Any CPU.Build.0 = Debug|Any CPU
		{60389EEC-179F-4187-9AFB-A91F6C6F6FAD}.Release|Any CPU.ActiveCfg = Release|Any CPU
		{60389EEC-179F-4187-9AFB-A91F6C6F6FAD}.Release|Any CPU.Build.0 = Release|Any CPU
	EndGlobalSection
	GlobalSection(SolutionProperties) = preSolution
		HideSolutionNode = FALSE
	EndGlobalSection
	GlobalSection(ExtensibilityGlobals) = postSolution
		SolutionGuid = {C0EE7D44-C6A7-4649-8992-384D7D7F74FD}
	EndGlobalSection
EndGlobal
